github.com/alicebob/gopher-json v0.0.0-20200520072559-a9ecdc9d1d3a h1:HbKu58rmZpUGpz5+4FfNmIU+FmZg2P3Xaj2v2bfNWmk=
github.com/alicebob/gopher-json v0.0.0-20200520072559-a9ecdc9d1d3a/go.mod h1:SGnFV6hVsYE877CKEZ6tDNTjaSXYUk6QqoIK6PrAtcc=
github.com/alicebob/miniredis v2.5.0+incompatible h1:yBHoLpsyjupjz3NL3MhKMVkR41j82Yjf3KFv7ApYzUI=
github.com/alicebob/miniredis v2.5.0+incompatible/go.mod h1:8HZjEj4yU0dwhYHky+DxYx+6BMjkBbe5ONFIF1MXffk=
github.com/bagusandrian/hitratemechanism v1.0.7 h1:EiayY1j+29R2oj3oDO5sWJCNEXr3WLqRQxo2dROrc5o=
github.com/bagusandrian/hitratemechanism v1.0.7/go.mod h1:7x8sB12/td0DYFb2rBBMqh6PjTmVGSMlTHwFoakJ0rU=
github.com/bagusandrian/hitratemechanism v1.0.8 h1:BJyc9PAdVhkqD5+lVLVDHqC/kP0a0d5M/Dm+F6Z5OQ0=
github.com/bagusandrian/hitratemechanism v1.0.8/go.mod h1:7x8sB12/td0DYFb2rBBMqh6PjTmVGSMlTHwFoakJ0rU=
github.com/bagusandrian/hitratemechanism v1.0.9 h1:rpn99GlG/3F8kpecjkJK32lgNnJ84cXootvqYV3qF8g=
github.com/bagusandrian/hitratemechanism v1.0.9/go.mod h1:7x8sB12/td0DYFb2rBBMqh6PjTmVGSMlTHwFoakJ0rU=
github.com/bagusandrian/hitratemechanism v1.0.10 h1:nig4tcPlEk+8PMFWjqh+0+T/8ZmhGfjADZ5MScAhm+M=
github.com/bagusandrian/hitratemechanism v1.0.10/go.mod h1:7x8sB12/td0DYFb2rBBMqh6PjTmVGSMlTHwFoakJ0rU=
github.com/bagusandrian/hitratemechanism v1.0.11-beta.1 h1:xs/bnXzGsyj0pq84E7C8ihw95ppqbDDY8T+ebC2gtkM=
github.com/bagusandrian/hitratemechanism v1.0.11-beta.1/go.mod h1:7x8sB12/td0DYFb2rBBMqh6PjTmVGSMlTHwFoakJ0rU=
github.com/bagusandrian/hitratemechanism v1.0.11-beta.2 h1:95xA/zSmjFepHCeGAz0SlGDnwxFlwRAoOavBRi/YbWQ=
github.com/bagusandrian/hitratemechanism v1.0.11-beta.2/go.mod h1:7x8sB12/td0DYFb2rBBMqh6PjTmVGSMlTHwFoakJ0rU=
github.com/bagusandrian/hitratemechanism v1.0.11-beta.3 h1:Wsq/GRn/Y7QHgO+tcfle3Ewr65Uc4FHQ/4gbp/sV1KE=
github.com/bagusandrian/hitratemechanism v1.0.11-beta.3/go.mod h1:7x8sB12/td0DYFb2rBBMqh6PjTmVGSMlTHwFoakJ0rU=
github.com/cespare/xxhash/v2 v2.2.0 h1:DC2CZ1Ep5Y4k3ZQ899DldepgrayRUGE6BBZ/cd9Cj44=
github.com/cespare/xxhash/v2 v2.2.0/go.mod h1:VGX0DQ3Q6kWi7AoAeZDth3/j3BFtOZR5XLFGgcrjCOs=
github.com/davecgh/go-spew v1.1.0/go.mod h1:J7Y8YcW2NihsgmVo/mv3lAwl/skON4iLHjSsI+c5H38=
github.com/dgryski/go-rendezvous v0.0.0-20200823014737-9f7001d12a5f h1:lO4WD4F/rVNCu3HqELle0jiPLLBs70cWOduZpkS1E78=
github.com/dgryski/go-rendezvous v0.0.0-20200823014737-9f7001d12a5f/go.mod h1:cuUVRXasLTGF7a8hSLbxyZXjz+1KgoB3wDUb6vlszIc=
github.com/eapache/go-resiliency v1.3.0 h1:RRL0nge+cWGlxXbUzJ7yMcq6w2XBEr19dCN6HECGaT0=
github.com/eapache/go-resiliency v1.3.0/go.mod h1:5yPzW0MIvSe0JDsv0v+DvcjEv2FyD6iZYSs1ZI+iQho=
github.com/garyburd/redigo v1.6.4 h1:LFu2R3+ZOPgSMWMOL+saa/zXRjw0ID2G8FepO53BGlg=
github.com/garyburd/redigo v1.6.4/go.mod h1:rTb6epsqigu3kYKBnaF028A7Tf/Aw5s0cqA47doKKqw=
github.com/gomodule/redigo v1.8.9 h1:Sl3u+2BI/kk+VEatbj0scLdrFhjPmbxOc1myhDP41ws=
github.com/gomodule/redigo v1.8.9/go.mod h1:7ArFNvsTjH8GMMzB4uy1snslv2BwmginuMs06a1uzZE=
github.com/orcaman/concurrent-map v1.0.0 h1:I/2A2XPCb4IuQWcQhBhSwGfiuybl/J0ev9HDbW65HOY=
github.com/orcaman/concurrent-map v1.0.0/go.mod h1:Lu3tH6HLW3feq74c2GC+jIMS/K2CFcDWnWD9XkenwhI=
github.com/pmezard/go-difflib v1.0.0/go.mod h1:iKH77koFhYxTK1pcRnkKkqfTogsbg7gZNVY4sRDYZ/4=
github.com/redis/go-redis/v9 v9.0.2 h1:BA426Zqe/7r56kCcvxYLWe1mkaz71LKF77GwgFzSxfE=
github.com/redis/go-redis/v9 v9.0.2/go.mod h1:/xDTe9EF1LM61hek62Poq2nzQSGj0xSrEtEHbBQevps=
github.com/rueian/rueidis v0.0.93 h1:cG905akj2+QyHx0x9y4mN0K8vLi6M94QiyoLulXS3l0=
github.com/rueian/rueidis v0.0.93/go.mod h1:lo6LBci0D986usi5Wxjb4RVNaWENKYbHZSnufGJ9bTE=
github.com/stretchr/objx v0.1.0/go.mod h1:HFkY916IF+rwdDfMAkV7OtwuqBVzrE8GR6GFx+wExME=
github.com/stretchr/testify v1.7.0/go.mod h1:6Fq8oRcR53rry900zMqJjRRixrwX3KX962/h/Wwjteg=
github.com/yuin/gopher-lua v1.1.0 h1:BojcDhfyDWgU2f2TOzYK/g5p2gxMrku8oupLDqlnSqE=
github.com/yuin/gopher-lua v1.1.0/go.mod h1:GBR0iDaNXjAgGg9zfCvksxSRnQx76gclCIb7kdAd1Pw=
go.uber.org/goleak v1.2.0 h1:xqgm/S+aQvhWFTtR0XK3Jvg7z8kGV8P4X14IzwN3Eqk=
gopkg.in/check.v1 v0.0.0-20161208181325-20d25e280405/go.mod h1:Co6ibVJAznAaIkqp8huTwlJQCZ016jof/cbN4VW5Yz0=
gopkg.in/yaml.v3 v3.0.0-20200313102051-9f266ea9e77c/go.mod h1:K4uyk7z7BCEPqu6E+C64Yfv1cQ7kz7rIZviUmN+EgEM=
